
Microsoft Visual Studio Solution File, Format Version 12.00
# Visual Studio Version 17
VisualStudioVersion = 17.0.32014.148
MinimumVisualStudioVersion = 10.0.40219.1
Project("{FAE04EC0-301F-11D3-BF4B-00C04F79EFBC}") = "userManage", "userManage\userManage.csproj", "{2D917F7B-D0A6-469E-9274-C5ACD2B2F562}"
EndProject
Global
	GlobalSection(SolutionConfigurationPlatforms) = preSolution
		Debug|Any CPU = Debug|Any CPU
		Release|Any CPU = Release|Any CPU
	EndGlobalSection
	GlobalSection(ProjectConfigurationPlatforms) = postSolution
		{2D917F7B-D0A6-469E-9274-C5ACD2B2F562}.Debug|Any CPU.ActiveCfg = Debug|Any CPU
		{2D917F7B-D0A6-469E-9274-C5ACD2B2F562}.Debug|Any CPU.Build.0 = Debug|Any CPU
		{2D917F7B-D0A6-469E-9274-C5ACD2B2F562}.Release|Any CPU.ActiveCfg = Release|Any CPU
		{2D917F7B-D0A6-469E-9274-C5ACD2B2F562}.Release|Any CPU.Build.0 = Release|Any CPU
	EndGlobalSection
	GlobalSection(SolutionProperties) = preSolution
		HideSolutionNode = FALSE
	EndGlobalSection
	GlobalSection(ExtensibilityGlobals) = postSolution
		SolutionGuid = {1F990039-3EE1-44EE-B269-617CA154A70F}
	EndGlobalSection
EndGlobal
